
Microsoft Visual Studio Solution File, Format Version 12.00
# Visual Studio 15
VisualStudioVersion = 15.0.28010.2019
MinimumVisualStudioVersion = 10.0.40219.1
Project("{FAE04EC0-301F-11D3-BF4B-00C04F79EFBC}") = "WebUI", "WebUI\WebUI.csproj", "{441B9BC4-A533-4B77-AFB8-1DEBFBE8DA68}"
EndProject
Project("{FAE04EC0-301F-11D3-BF4B-00C04F79EFBC}") = "WebUI.Tests", "WebUI.Tests\WebUI.Tests.csproj", "{DE61D13A-BB82-4475-8771-BE2B9F61F210}"
EndProject
Project("{FAE04EC0-301F-11D3-BF4B-00C04F79EFBC}") = "Domain", "Domain\Domain.csproj", "{906F739A-9F31-42B0-93BE-41CE0F90B1E4}"
EndProject
Global
	GlobalSection(SolutionConfigurationPlatforms) = preSolution
		Debug|Any CPU = Debug|Any CPU
		Release|Any CPU = Release|Any CPU
	EndGlobalSection
	GlobalSection(ProjectConfigurationPlatforms) = postSolution
		{441B9BC4-A533-4B77-AFB8-1DEBFBE8DA68}.Debug|Any CPU.ActiveCfg = Debug|Any CPU
		{441B9BC4-A533-4B77-AFB8-1DEBFBE8DA68}.Debug|Any CPU.Build.0 = Debug|Any CPU
		{441B9BC4-A533-4B77-AFB8-1DEBFBE8DA68}.Release|Any CPU.ActiveCfg = Release|Any CPU
		{441B9BC4-A533-4B77-AFB8-1DEBFBE8DA68}.Release|Any CPU.Build.0 = Release|Any CPU
		{DE61D13A-BB82-4475-8771-BE2B9F61F210}.Debug|Any CPU.ActiveCfg = Debug|Any CPU
		{DE61D13A-BB82-4475-8771-BE2B9F61F210}.Debug|Any CPU.Build.0 = Debug|Any CPU
		{DE61D13A-BB82-4475-8771-BE2B9F61F210}.Release|Any CPU.ActiveCfg = Release|Any CPU
		{DE61D13A-BB82-4475-8771-BE2B9F61F210}.Release|Any CPU.Build.0 = Release|Any CPU
		{906F739A-9F31-42B0-93BE-41CE0F90B1E4}.Debug|Any CPU.ActiveCfg = Debug|Any CPU
		{906F739A-9F31-42B0-93BE-41CE0F90B1E4}.Debug|Any CPU.Build.0 = Debug|Any CPU
		{906F739A-9F31-42B0-93BE-41CE0F90B1E4}.Release|Any CPU.ActiveCfg = Release|Any CPU
		{906F739A-9F31-42B0-93BE-41CE0F90B1E4}.Release|Any CPU.Build.0 = Release|Any CPU
	EndGlobalSection
	GlobalSection(SolutionProperties) = preSolution
		HideSolutionNode = FALSE
	EndGlobalSection
	GlobalSection(ExtensibilityGlobals) = postSolution
		SolutionGuid = {3913F25C-780B-4DC4-A401-E40FCC2E0BA6}
	EndGlobalSection
EndGlobal
